// !$*UTF8*$!
{
	archiveVersion = 1;
	classes = {
	};
	objectVersion = 46;
	objects = {

/* Begin PBXBuildFile section */
		581DBE131A17649800F78CA0 /* AppDelegate.swift in Sources */ = {isa = PBXBuildFile; fileRef = 581DBE121A17649800F78CA0 /* AppDelegate.swift */; };
		581DBE1A1A17649800F78CA0 /* Images.xcassets in Resources */ = {isa = PBXBuildFile; fileRef = 581DBE191A17649800F78CA0 /* Images.xcassets */; };
		581DBE1D1A17649800F78CA0 /* LaunchScreen.xib in Resources */ = {isa = PBXBuildFile; fileRef = 581DBE1B1A17649800F78CA0 /* LaunchScreen.xib */; };
		581DBE341A17682700F78CA0 /* MainScreenViewController.swift in Sources */ = {isa = PBXBuildFile; fileRef = 581DBE321A17682700F78CA0 /* MainScreenViewController.swift */; };
		581DBE351A17682700F78CA0 /* MainScreenViewController.xib in Resources */ = {isa = PBXBuildFile; fileRef = 581DBE331A17682700F78CA0 /* MainScreenViewController.xib */; };
		581DBE371A176A0400F78CA0 /* MainWindow.xib in Resources */ = {isa = PBXBuildFile; fileRef = 581DBE361A176A0400F78CA0 /* MainWindow.xib */; };
/* End PBXBuildFile section */

/* Begin PBXFileReference section */
		581DBE0D1A17649800F78CA0 /* BitcoinTicker.app */ = {isa = PBXFileReference; explicitFileType = wrapper.application; includeInIndex = 0; path = BitcoinTicker.app; sourceTree = BUILT_PRODUCTS_DIR; };
		581DBE111A17649800F78CA0 /* Info.plist */ = {isa = PBXFileReference; lastKnownFileType = text.plist.xml; path = Info.plist; sourceTree = "<group>"; };
		581DBE121A17649800F78CA0 /* AppDelegate.swift */ = {isa = PBXFileReference; lastKnownFileType = sourcecode.swift; path = AppDelegate.swift; sourceTree = "<group>"; };
		581DBE191A17649800F78CA0 /* Images.xcassets */ = {isa = PBXFileReference; lastKnownFileType = folder.assetcatalog; path = Images.xcassets; sourceTree = "<group>"; };
		581DBE1C1A17649800F78CA0 /* Base */ = {isa = PBXFileReference; lastKnownFileType = file.xib; name = Base; path = Base.lproj/LaunchScreen.xib; sourceTree = "<group>"; };
		581DBE321A17682700F78CA0 /* MainScreenViewController.swift */ = {isa = PBXFileReference; fileEncoding = 4; lastKnownFileType = sourcecode.swift; path = MainScreenViewController.swift; sourceTree = "<group>"; };
		581DBE331A17682700F78CA0 /* MainScreenViewController.xib */ = {isa = PBXFileReference; fileEncoding = 4; lastKnownFileType = file.xib; path = MainScreenViewController.xib; sourceTree = "<group>"; };
		581DBE361A176A0400F78CA0 /* MainWindow.xib */ = {isa = PBXFileReference; fileEncoding = 4; lastKnownFileType = file.xib; path = MainWindow.xib; sourceTree = "<group>"; };
/* End PBXFileReference section */

/* Begin PBXFrameworksBuildPhase section */
		581DBE0A1A17649800F78CA0 /* Frameworks */ = {
			isa = PBXFrameworksBuildPhase;
			buildActionMask = 2147483647;
			files = (
			);
			runOnlyForDeploymentPostprocessing = 0;
		};
/* End PBXFrameworksBuildPhase section */

/* Begin PBXGroup section */
		581DBE041A17649800F78CA0 = {
			isa = PBXGroup;
			children = (
				581DBE0F1A17649800F78CA0 /* BitcoinTicker */,
				581DBE0E1A17649800F78CA0 /* Products */,
			);
			sourceTree = "<group>";
		};
		581DBE0E1A17649800F78CA0 /* Products */ = {
			isa = PBXGroup;
			children = (
				581DBE0D1A17649800F78CA0 /* BitcoinTicker.app */,
			);
			name = Products;
			sourceTree = "<group>";
		};
		581DBE0F1A17649800F78CA0 /* BitcoinTicker */ = {
			isa = PBXGroup;
			children = (
				581DBE121A17649800F78CA0 /* AppDelegate.swift */,
				581DBE191A17649800F78CA0 /* Images.xcassets */,
				581DBE1B1A17649800F78CA0 /* LaunchScreen.xib */,
				581DBE321A17682700F78CA0 /* MainScreenViewController.swift */,
				581DBE331A17682700F78CA0 /* MainScreenViewController.xib */,
				581DBE361A176A0400F78CA0 /* MainWindow.xib */,
				581DBE101A17649800F78CA0 /* Supporting Files */,
			);
			path = BitcoinTicker;
			sourceTree = "<group>";
		};
		581DBE101A17649800F78CA0 /* Supporting Files */ = {
			isa = PBXGroup;
			children = (
				581DBE111A17649800F78CA0 /* Info.plist */,
			);
			name = "Supporting Files";
			sourceTree = "<group>";
		};
/* End PBXGroup section */

/* Begin PBXNativeTarget section */
		581DBE0C1A17649800F78CA0 /* BitcoinTicker */ = {
			isa = PBXNativeTarget;
			buildConfigurationList = 581DBE2C1A17649800F78CA0 /* Build configuration list for PBXNativeTarget "BitcoinTicker" */;
			buildPhases = (
				581DBE091A17649800F78CA0 /* Sources */,
				581DBE0A1A17649800F78CA0 /* Frameworks */,
				581DBE0B1A17649800F78CA0 /* Resources */,
			);
			buildRules = (
			);
			dependencies = (
			);
			name = BitcoinTicker;
			productName = BitcoinTicker;
			productReference = 581DBE0D1A17649800F78CA0 /* BitcoinTicker.app */;
			productType = "com.apple.product-type.application";
		};
/* End PBXNativeTarget section */

/* Begin PBXProject section */
		581DBE051A17649800F78CA0 /* Project object */ = {
			isa = PBXProject;
			attributes = {
				LastUpgradeCheck = 0610;
				ORGANIZATIONNAME = "Jakub Suder";
				TargetAttributes = {
					581DBE0C1A17649800F78CA0 = {
						CreatedOnToolsVersion = 6.1.1;
					};
				};
			};
			buildConfigurationList = 581DBE081A17649800F78CA0 /* Build configuration list for PBXProject "BitcoinTicker" */;
			compatibilityVersion = "Xcode 3.2";
			developmentRegion = English;
			hasScannedForEncodings = 0;
			knownRegions = (
				en,
				Base,
			);
			mainGroup = 581DBE041A17649800F78CA0;
			productRefGroup = 581DBE0E1A17649800F78CA0 /* Products */;
			projectDirPath = "";
			projectRoot = "";
			targets = (
				581DBE0C1A17649800F78CA0 /* BitcoinTicker */,
			);
		};
/* End PBXProject section */

/* Begin PBXResourcesBuildPhase section */
		581DBE0B1A17649800F78CA0 /* Resources */ = {
			isa = PBXResourcesBuildPhase;
			buildActionMask = 2147483647;
			files = (
				581DBE371A176A0400F78CA0 /* MainWindow.xib in Resources */,
				581DBE1D1A17649800F78CA0 /* LaunchScreen.xib in Resources */,
				581DBE1A1A17649800F78CA0 /* Images.xcassets in Resources */,
				581DBE351A17682700F78CA0 /* MainScreenViewController.xib in Resources */,
			);
			runOnlyForDeploymentPostprocessing = 0;
		};
/* End PBXResourcesBuildPhase section */

/* Begin PBXSourcesBuildPhase section */
		581DBE091A17649800F78CA0 /* Sources */ = {
			isa = PBXSourcesBuildPhase;
			buildActionMask = 2147483647;
			files = (
				581DBE131A17649800F78CA0 /* AppDelegate.swift in Sources */,
				581DBE341A17682700F78CA0 /* MainScreenViewController.swift in Sources */,
			);
			runOnlyForDeploymentPostprocessing = 0;
		};
/* End PBXSourcesBuildPhase section */

/* Begin PBXVariantGroup section */
		581DBE1B1A17649800F78CA0 /* LaunchScreen.xib */ = {
			isa = PBXVariantGroup;
			children = (
				581DBE1C1A17649800F78CA0 /* Base */,
			);
			name = LaunchScreen.xib;
			sourceTree = "<group>";
		};
/* End PBXVariantGroup section */

/* Begin XCBuildConfiguration section */
		581DBE2A1A17649800F78CA0 /* Debug */ = {
			isa = XCBuildConfiguration;
			buildSettings = {
				ALWAYS_SEARCH_USER_PATHS = NO;
				CLANG_CXX_LANGUAGE_STANDARD = "gnu++0x";
				CLANG_CXX_LIBRARY = "libc++";
				CLANG_ENABLE_MODULES = YES;
				CLANG_ENABLE_OBJC_ARC = YES;
				CLANG_WARN_BOOL_CONVERSION = YES;
				CLANG_WARN_CONSTANT_CONVERSION = YES;
				CLANG_WARN_DIRECT_OBJC_ISA_USAGE = YES_ERROR;
				CLANG_WARN_EMPTY_BODY = YES;
				CLANG_WARN_ENUM_CONVERSION = YES;
				CLANG_WARN_INT_CONVERSION = YES;
				CLANG_WARN_OBJC_ROOT_CLASS = YES_ERROR;
				CLANG_WARN_UNREACHABLE_CODE = YES;
				CLANG_WARN__DUPLICATE_METHOD_MATCH = YES;
				"CODE_SIGN_IDENTITY[sdk=iphoneos*]" = "iPhone Developer";
				COPY_PHASE_STRIP = NO;
				ENABLE_STRICT_OBJC_MSGSEND = YES;
				GCC_C_LANGUAGE_STANDARD = gnu99;
				GCC_DYNAMIC_NO_PIC = NO;
				GCC_OPTIMIZATION_LEVEL = 0;
				GCC_PREPROCESSOR_DEFINITIONS = (
					"DEBUG=1",
					"$(inherited)",
				);
				GCC_SYMBOLS_PRIVATE_EXTERN = NO;
				GCC_WARN_64_TO_32_BIT_CONVERSION = YES;
				GCC_WARN_ABOUT_RETURN_TYPE = YES_ERROR;
				GCC_WARN_UNDECLARED_SELECTOR = YES;
				GCC_WARN_UNINITIALIZED_AUTOS = YES_AGGRESSIVE;
				GCC_WARN_UNUSED_FUNCTION = YES;
				GCC_WARN_UNUSED_VARIABLE = YES;
				IPHONEOS_DEPLOYMENT_TARGET = 8.1;
				MTL_ENABLE_DEBUG_INFO = YES;
				ONLY_ACTIVE_ARCH = YES;
				SDKROOT = iphoneos;
				SWIFT_OPTIMIZATION_LEVEL = "-Onone";
				TARGETED_DEVICE_FAMILY = "1,2";
			};
			name = Debug;
		};
		581DBE2B1A17649800F78CA0 /* Release */ = {
			isa = XCBuildConfiguration;
			buildSettings = {
				ALWAYS_SEARCH_USER_PATHS = NO;
				CLANG_CXX_LANGUAGE_STANDARD = "gnu++0x";
				CLANG_CXX_LIBRARY = "libc++";
				CLANG_ENABLE_MODULES = YES;
				CLANG_ENABLE_OBJC_ARC = YES;
				CLANG_WARN_BOOL_CONVERSION = YES;
				CLANG_WARN_CONSTANT_CONVERSION = YES;
				CLANG_WARN_DIRECT_OBJC_ISA_USAGE = YES_ERROR;
				CLANG_WARN_EMPTY_BODY = YES;
				CLANG_WARN_ENUM_CONVERSION = YES;
				CLANG_WARN_INT_CONVERSION = YES;
				CLANG_WARN_OBJC_ROOT_CLASS = YES_ERROR;
				CLANG_WARN_UNREACHABLE_CODE = YES;
				CLANG_WARN__DUPLICATE_METHOD_MATCH = YES;
				"CODE_SIGN_IDENTITY[sdk=iphoneos*]" = "iPhone Developer";
				COPY_PHASE_STRIP = YES;
				ENABLE_NS_ASSERTIONS = NO;
				ENABLE_STRICT_OBJC_MSGSEND = YES;
				GCC_C_LANGUAGE_STANDARD = gnu99;
				GCC_WARN_64_TO_32_BIT_CONVERSION = YES;
				GCC_WARN_ABOUT_RETURN_TYPE = YES_ERROR;
				GCC_WARN_UNDECLARED_SELECTOR = YES;
				GCC_WARN_UNINITIALIZED_AUTOS = YES_AGGRESSIVE;
				GCC_WARN_UNUSED_FUNCTION = YES;
				GCC_WARN_UNUSED_VARIABLE = YES;
				IPHONEOS_DEPLOYMENT_TARGET = 8.1;
				MTL_ENABLE_DEBUG_INFO = NO;
				SDKROOT = iphoneos;
				TARGETED_DEVICE_FAMILY = "1,2";
				VALIDATE_PRODUCT = YES;
			};
			name = Release;
		};
		581DBE2D1A17649800F78CA0 /* Debug */ = {
			isa = XCBuildConfiguration;
			buildSettings = {
				ASSETCATALOG_COMPILER_APPICON_NAME = AppIcon;
				INFOPLIST_FILE = BitcoinTicker/Info.plist;
				LD_RUNPATH_SEARCH_PATHS = "$(inherited) @executable_path/Frameworks";
				PRODUCT_NAME = "$(TARGET_NAME)";
			};
			name = Debug;
		};
		581DBE2E1A17649800F78CA0 /* Release */ = {
			isa = XCBuildConfiguration;
			buildSettings = {
				ASSETCATALOG_COMPILER_APPICON_NAME = AppIcon;
				INFOPLIST_FILE = BitcoinTicker/Info.plist;
				LD_RUNPATH_SEARCH_PATHS = "$(inherited) @executable_path/Frameworks";
				PRODUCT_NAME = "$(TARGET_NAME)";
			};
			name = Release;
		};
/* End XCBuildConfiguration section */

/* Begin XCConfigurationList section */
		581DBE081A17649800F78CA0 /* Build configuration list for PBXProject "BitcoinTicker" */ = {
			isa = XCConfigurationList;
			buildConfigurations = (
				581DBE2A1A17649800F78CA0 /* Debug */,
				581DBE2B1A17649800F78CA0 /* Release */,
			);
			defaultConfigurationIsVisible = 0;
			defaultConfigurationName = Release;
		};
		581DBE2C1A17649800F78CA0 /* Build configuration list for PBXNativeTarget "BitcoinTicker" */ = {
			isa = XCConfigurationList;
			buildConfigurations = (
				581DBE2D1A17649800F78CA0 /* Debug */,
				581DBE2E1A17649800F78CA0 /* Release */,
			);
			defaultConfigurationIsVisible = 0;
			defaultConfigurationName = Release;
		};
/* End XCConfigurationList section */
	};
	rootObject = 581DBE051A17649800F78CA0 /* Project object */;
}
