// !$*UTF8*$!
{
	archiveVersion = 1;
	classes = {
	};
	objectVersion = 46;
	objects = {

/* Begin PBXBuildFile section */
		581DBE131A17649800F78CA0 /* AppDelegate.swift in Sources */ = {isa = PBXBuildFile; fileRef = 581DBE121A17649800F78CA0 /* AppDelegate.swift */; };
		581DBE1A1A17649800F78CA0 /* Images.xcassets in Resources */ = {isa = PBXBuildFile; fileRef = 581DBE191A17649800F78CA0 /* Images.xcassets */; };
		581DBE1D1A17649800F78CA0 /* LaunchScreen.xib in Resources */ = {isa = PBXBuildFile; fileRef = 581DBE1B1A17649800F78CA0 /* LaunchScreen.xib */; };
		581DBE341A17682700F78CA0 /* MainScreenViewController.swift in Sources */ = {isa = PBXBuildFile; fileRef = 581DBE321A17682700F78CA0 /* MainScreenViewController.swift */; };
		581DBE351A17682700F78CA0 /* MainScreenViewController.xib in Resources */ = {isa = PBXBuildFile; fileRef = 581DBE331A17682700F78CA0 /* MainScreenViewController.xib */; };
		581DBE371A176A0400F78CA0 /* MainWindow.xib in Resources */ = {isa = PBXBuildFile; fileRef = 581DBE361A176A0400F78CA0 /* MainWindow.xib */; };
		581DBE421A176E6300F78CA0 /* GCD.swift in Sources */ = {isa = PBXBuildFile; fileRef = 581DBE3A1A176E6300F78CA0 /* GCD.swift */; };
		581DBE431A176E6300F78CA0 /* Net.swift in Sources */ = {isa = PBXBuildFile; fileRef = 581DBE3B1A176E6300F78CA0 /* Net.swift */; };
		581DBE441A176E6300F78CA0 /* NetData.swift in Sources */ = {isa = PBXBuildFile; fileRef = 581DBE3C1A176E6300F78CA0 /* NetData.swift */; };
		581DBE451A176E6300F78CA0 /* NetDownloadTask.swift in Sources */ = {isa = PBXBuildFile; fileRef = 581DBE3D1A176E6300F78CA0 /* NetDownloadTask.swift */; };
		581DBE461A176E6300F78CA0 /* NetHelper.swift in Sources */ = {isa = PBXBuildFile; fileRef = 581DBE3E1A176E6300F78CA0 /* NetHelper.swift */; };
		581DBE471A176E6300F78CA0 /* NetRequestSerialization.swift in Sources */ = {isa = PBXBuildFile; fileRef = 581DBE3F1A176E6300F78CA0 /* NetRequestSerialization.swift */; };
		581DBE481A176E6300F78CA0 /* NetResponseData.swift in Sources */ = {isa = PBXBuildFile; fileRef = 581DBE401A176E6300F78CA0 /* NetResponseData.swift */; };
		581DBE491A176E6300F78CA0 /* NetUploadTask.swift in Sources */ = {isa = PBXBuildFile; fileRef = 581DBE411A176E6300F78CA0 /* NetUploadTask.swift */; };
		581DBE4B1A17731C00F78CA0 /* PriceController.swift in Sources */ = {isa = PBXBuildFile; fileRef = 581DBE4A1A17731C00F78CA0 /* PriceController.swift */; };
		58A7ED4E1A179487009272E1 /* NotificationCenter.framework in Frameworks */ = {isa = PBXBuildFile; fileRef = 58A7ED4D1A179487009272E1 /* NotificationCenter.framework */; };
		58A7ED531A179487009272E1 /* TodayViewController.swift in Sources */ = {isa = PBXBuildFile; fileRef = 58A7ED521A179487009272E1 /* TodayViewController.swift */; };
		58A7ED551A179487009272E1 /* MainInterface.storyboard in Resources */ = {isa = PBXBuildFile; fileRef = 58A7ED541A179487009272E1 /* MainInterface.storyboard */; };
		58A7ED581A179487009272E1 /* TickerWidget.appex in Embed App Extensions */ = {isa = PBXBuildFile; fileRef = 58A7ED4B1A179487009272E1 /* TickerWidget.appex */; settings = {ATTRIBUTES = (RemoveHeadersOnCopy, ); }; };
		58A7ED5D1A17ABD0009272E1 /* PriceController.swift in Sources */ = {isa = PBXBuildFile; fileRef = 581DBE4A1A17731C00F78CA0 /* PriceController.swift */; };
		58A7ED5E1A17AD3A009272E1 /* GCD.swift in Sources */ = {isa = PBXBuildFile; fileRef = 581DBE3A1A176E6300F78CA0 /* GCD.swift */; };
		58A7ED5F1A17AD3A009272E1 /* Net.swift in Sources */ = {isa = PBXBuildFile; fileRef = 581DBE3B1A176E6300F78CA0 /* Net.swift */; };
		58A7ED601A17AD3A009272E1 /* NetData.swift in Sources */ = {isa = PBXBuildFile; fileRef = 581DBE3C1A176E6300F78CA0 /* NetData.swift */; };
		58A7ED611A17AD3A009272E1 /* NetDownloadTask.swift in Sources */ = {isa = PBXBuildFile; fileRef = 581DBE3D1A176E6300F78CA0 /* NetDownloadTask.swift */; };
		58A7ED621A17AD3A009272E1 /* NetHelper.swift in Sources */ = {isa = PBXBuildFile; fileRef = 581DBE3E1A176E6300F78CA0 /* NetHelper.swift */; };
		58A7ED631A17AD3A009272E1 /* NetRequestSerialization.swift in Sources */ = {isa = PBXBuildFile; fileRef = 581DBE3F1A176E6300F78CA0 /* NetRequestSerialization.swift */; };
		58A7ED641A17AD3A009272E1 /* NetResponseData.swift in Sources */ = {isa = PBXBuildFile; fileRef = 581DBE401A176E6300F78CA0 /* NetResponseData.swift */; };
		58A7ED651A17AD3A009272E1 /* NetUploadTask.swift in Sources */ = {isa = PBXBuildFile; fileRef = 581DBE411A176E6300F78CA0 /* NetUploadTask.swift */; };
/* End PBXBuildFile section */

/* Begin PBXContainerItemProxy section */
		58A7ED561A179487009272E1 /* PBXContainerItemProxy */ = {
			isa = PBXContainerItemProxy;
			containerPortal = 581DBE051A17649800F78CA0 /* Project object */;
			proxyType = 1;
			remoteGlobalIDString = 58A7ED4A1A179487009272E1;
			remoteInfo = TickerWidget;
		};
/* End PBXContainerItemProxy section */

/* Begin PBXCopyFilesBuildPhase section */
		58A7ED5C1A179487009272E1 /* Embed App Extensions */ = {
			isa = PBXCopyFilesBuildPhase;
			buildActionMask = 2147483647;
			dstPath = "";
			dstSubfolderSpec = 13;
			files = (
				58A7ED581A179487009272E1 /* TickerWidget.appex in Embed App Extensions */,
			);
			name = "Embed App Extensions";
			runOnlyForDeploymentPostprocessing = 0;
		};
/* End PBXCopyFilesBuildPhase section */

/* Begin PBXFileReference section */
		581DBE0D1A17649800F78CA0 /* BitcoinTicker.app */ = {isa = PBXFileReference; explicitFileType = wrapper.application; includeInIndex = 0; path = BitcoinTicker.app; sourceTree = BUILT_PRODUCTS_DIR; };
		581DBE111A17649800F78CA0 /* Info.plist */ = {isa = PBXFileReference; lastKnownFileType = text.plist.xml; path = Info.plist; sourceTree = "<group>"; };
		581DBE121A17649800F78CA0 /* AppDelegate.swift */ = {isa = PBXFileReference; lastKnownFileType = sourcecode.swift; path = AppDelegate.swift; sourceTree = "<group>"; };
		581DBE191A17649800F78CA0 /* Images.xcassets */ = {isa = PBXFileReference; lastKnownFileType = folder.assetcatalog; path = Images.xcassets; sourceTree = "<group>"; };
		581DBE1C1A17649800F78CA0 /* Base */ = {isa = PBXFileReference; lastKnownFileType = file.xib; name = Base; path = Base.lproj/LaunchScreen.xib; sourceTree = "<group>"; };
		581DBE321A17682700F78CA0 /* MainScreenViewController.swift */ = {isa = PBXFileReference; fileEncoding = 4; lastKnownFileType = sourcecode.swift; path = MainScreenViewController.swift; sourceTree = "<group>"; };
		581DBE331A17682700F78CA0 /* MainScreenViewController.xib */ = {isa = PBXFileReference; fileEncoding = 4; lastKnownFileType = file.xib; path = MainScreenViewController.xib; sourceTree = "<group>"; };
		581DBE361A176A0400F78CA0 /* MainWindow.xib */ = {isa = PBXFileReference; fileEncoding = 4; lastKnownFileType = file.xib; path = MainWindow.xib; sourceTree = "<group>"; };
		581DBE3A1A176E6300F78CA0 /* GCD.swift */ = {isa = PBXFileReference; fileEncoding = 4; lastKnownFileType = sourcecode.swift; path = GCD.swift; sourceTree = "<group>"; };
		581DBE3B1A176E6300F78CA0 /* Net.swift */ = {isa = PBXFileReference; fileEncoding = 4; lastKnownFileType = sourcecode.swift; path = Net.swift; sourceTree = "<group>"; };
		581DBE3C1A176E6300F78CA0 /* NetData.swift */ = {isa = PBXFileReference; fileEncoding = 4; lastKnownFileType = sourcecode.swift; path = NetData.swift; sourceTree = "<group>"; };
		581DBE3D1A176E6300F78CA0 /* NetDownloadTask.swift */ = {isa = PBXFileReference; fileEncoding = 4; lastKnownFileType = sourcecode.swift; path = NetDownloadTask.swift; sourceTree = "<group>"; };
		581DBE3E1A176E6300F78CA0 /* NetHelper.swift */ = {isa = PBXFileReference; fileEncoding = 4; lastKnownFileType = sourcecode.swift; path = NetHelper.swift; sourceTree = "<group>"; };
		581DBE3F1A176E6300F78CA0 /* NetRequestSerialization.swift */ = {isa = PBXFileReference; fileEncoding = 4; lastKnownFileType = sourcecode.swift; path = NetRequestSerialization.swift; sourceTree = "<group>"; };
		581DBE401A176E6300F78CA0 /* NetResponseData.swift */ = {isa = PBXFileReference; fileEncoding = 4; lastKnownFileType = sourcecode.swift; path = NetResponseData.swift; sourceTree = "<group>"; };
		581DBE411A176E6300F78CA0 /* NetUploadTask.swift */ = {isa = PBXFileReference; fileEncoding = 4; lastKnownFileType = sourcecode.swift; path = NetUploadTask.swift; sourceTree = "<group>"; };
		581DBE4A1A17731C00F78CA0 /* PriceController.swift */ = {isa = PBXFileReference; fileEncoding = 4; lastKnownFileType = sourcecode.swift; path = PriceController.swift; sourceTree = "<group>"; };
		58A7ED4B1A179487009272E1 /* TickerWidget.appex */ = {isa = PBXFileReference; explicitFileType = "wrapper.app-extension"; includeInIndex = 0; path = TickerWidget.appex; sourceTree = BUILT_PRODUCTS_DIR; };
		58A7ED4D1A179487009272E1 /* NotificationCenter.framework */ = {isa = PBXFileReference; lastKnownFileType = wrapper.framework; name = NotificationCenter.framework; path = System/Library/Frameworks/NotificationCenter.framework; sourceTree = SDKROOT; };
		58A7ED511A179487009272E1 /* Info.plist */ = {isa = PBXFileReference; lastKnownFileType = text.plist.xml; path = Info.plist; sourceTree = "<group>"; };
		58A7ED521A179487009272E1 /* TodayViewController.swift */ = {isa = PBXFileReference; lastKnownFileType = sourcecode.swift; path = TodayViewController.swift; sourceTree = "<group>"; };
		58A7ED541A179487009272E1 /* MainInterface.storyboard */ = {isa = PBXFileReference; lastKnownFileType = file.storyboard; path = MainInterface.storyboard; sourceTree = "<group>"; };
/* End PBXFileReference section */

/* Begin PBXFrameworksBuildPhase section */
		581DBE0A1A17649800F78CA0 /* Frameworks */ = {
			isa = PBXFrameworksBuildPhase;
			buildActionMask = 2147483647;
			files = (
			);
			runOnlyForDeploymentPostprocessing = 0;
		};
		58A7ED481A179487009272E1 /* Frameworks */ = {
			isa = PBXFrameworksBuildPhase;
			buildActionMask = 2147483647;
			files = (
				58A7ED4E1A179487009272E1 /* NotificationCenter.framework in Frameworks */,
			);
			runOnlyForDeploymentPostprocessing = 0;
		};
/* End PBXFrameworksBuildPhase section */

/* Begin PBXGroup section */
		581DBE041A17649800F78CA0 = {
			isa = PBXGroup;
			children = (
				581DBE0F1A17649800F78CA0 /* BitcoinTicker */,
				58A7ED4F1A179487009272E1 /* TickerWidget */,
				58A7ED4C1A179487009272E1 /* Frameworks */,
				581DBE0E1A17649800F78CA0 /* Products */,
			);
			sourceTree = "<group>";
		};
		581DBE0E1A17649800F78CA0 /* Products */ = {
			isa = PBXGroup;
			children = (
				581DBE0D1A17649800F78CA0 /* BitcoinTicker.app */,
				58A7ED4B1A179487009272E1 /* TickerWidget.appex */,
			);
			name = Products;
			sourceTree = "<group>";
		};
		581DBE0F1A17649800F78CA0 /* BitcoinTicker */ = {
			isa = PBXGroup;
			children = (
				581DBE121A17649800F78CA0 /* AppDelegate.swift */,
				581DBE191A17649800F78CA0 /* Images.xcassets */,
				581DBE1B1A17649800F78CA0 /* LaunchScreen.xib */,
				581DBE381A176E4000F78CA0 /* Lib */,
				581DBE321A17682700F78CA0 /* MainScreenViewController.swift */,
				581DBE331A17682700F78CA0 /* MainScreenViewController.xib */,
				581DBE361A176A0400F78CA0 /* MainWindow.xib */,
				581DBE4A1A17731C00F78CA0 /* PriceController.swift */,
				581DBE101A17649800F78CA0 /* Supporting Files */,
			);
			path = BitcoinTicker;
			sourceTree = "<group>";
		};
		581DBE101A17649800F78CA0 /* Supporting Files */ = {
			isa = PBXGroup;
			children = (
				581DBE111A17649800F78CA0 /* Info.plist */,
			);
			name = "Supporting Files";
			sourceTree = "<group>";
		};
		581DBE381A176E4000F78CA0 /* Lib */ = {
			isa = PBXGroup;
			children = (
				581DBE391A176E6300F78CA0 /* Net */,
			);
			name = Lib;
			path = ../Lib;
			sourceTree = "<group>";
		};
		581DBE391A176E6300F78CA0 /* Net */ = {
			isa = PBXGroup;
			children = (
				581DBE3A1A176E6300F78CA0 /* GCD.swift */,
				581DBE3B1A176E6300F78CA0 /* Net.swift */,
				581DBE3C1A176E6300F78CA0 /* NetData.swift */,
				581DBE3D1A176E6300F78CA0 /* NetDownloadTask.swift */,
				581DBE3E1A176E6300F78CA0 /* NetHelper.swift */,
				581DBE3F1A176E6300F78CA0 /* NetRequestSerialization.swift */,
				581DBE401A176E6300F78CA0 /* NetResponseData.swift */,
				581DBE411A176E6300F78CA0 /* NetUploadTask.swift */,
			);
			path = Net;
			sourceTree = "<group>";
		};
		58A7ED4C1A179487009272E1 /* Frameworks */ = {
			isa = PBXGroup;
			children = (
				58A7ED4D1A179487009272E1 /* NotificationCenter.framework */,
			);
			name = Frameworks;
			sourceTree = "<group>";
		};
		58A7ED4F1A179487009272E1 /* TickerWidget */ = {
			isa = PBXGroup;
			children = (
				58A7ED521A179487009272E1 /* TodayViewController.swift */,
				58A7ED541A179487009272E1 /* MainInterface.storyboard */,
				58A7ED501A179487009272E1 /* Supporting Files */,
			);
			path = TickerWidget;
			sourceTree = "<group>";
		};
		58A7ED501A179487009272E1 /* Supporting Files */ = {
			isa = PBXGroup;
			children = (
				58A7ED511A179487009272E1 /* Info.plist */,
			);
			name = "Supporting Files";
			sourceTree = "<group>";
		};
/* End PBXGroup section */

/* Begin PBXNativeTarget section */
		581DBE0C1A17649800F78CA0 /* BitcoinTicker */ = {
			isa = PBXNativeTarget;
			buildConfigurationList = 581DBE2C1A17649800F78CA0 /* Build configuration list for PBXNativeTarget "BitcoinTicker" */;
			buildPhases = (
				581DBE091A17649800F78CA0 /* Sources */,
				581DBE0A1A17649800F78CA0 /* Frameworks */,
				581DBE0B1A17649800F78CA0 /* Resources */,
				58A7ED5C1A179487009272E1 /* Embed App Extensions */,
			);
			buildRules = (
			);
			dependencies = (
				58A7ED571A179487009272E1 /* PBXTargetDependency */,
			);
			name = BitcoinTicker;
			productName = BitcoinTicker;
			productReference = 581DBE0D1A17649800F78CA0 /* BitcoinTicker.app */;
			productType = "com.apple.product-type.application";
		};
		58A7ED4A1A179487009272E1 /* TickerWidget */ = {
			isa = PBXNativeTarget;
			buildConfigurationList = 58A7ED5B1A179487009272E1 /* Build configuration list for PBXNativeTarget "TickerWidget" */;
			buildPhases = (
				58A7ED471A179487009272E1 /* Sources */,
				58A7ED481A179487009272E1 /* Frameworks */,
				58A7ED491A179487009272E1 /* Resources */,
			);
			buildRules = (
			);
			dependencies = (
			);
			name = TickerWidget;
			productName = TickerWidget;
			productReference = 58A7ED4B1A179487009272E1 /* TickerWidget.appex */;
			productType = "com.apple.product-type.app-extension";
		};
/* End PBXNativeTarget section */

/* Begin PBXProject section */
		581DBE051A17649800F78CA0 /* Project object */ = {
			isa = PBXProject;
			attributes = {
				LastUpgradeCheck = 0610;
				ORGANIZATIONNAME = "Jakub Suder";
				TargetAttributes = {
					581DBE0C1A17649800F78CA0 = {
						CreatedOnToolsVersion = 6.1.1;
					};
					58A7ED4A1A179487009272E1 = {
						CreatedOnToolsVersion = 6.1.1;
					};
				};
			};
			buildConfigurationList = 581DBE081A17649800F78CA0 /* Build configuration list for PBXProject "BitcoinTicker" */;
			compatibilityVersion = "Xcode 3.2";
			developmentRegion = English;
			hasScannedForEncodings = 0;
			knownRegions = (
				en,
				Base,
			);
			mainGroup = 581DBE041A17649800F78CA0;
			productRefGroup = 581DBE0E1A17649800F78CA0 /* Products */;
			projectDirPath = "";
			projectRoot = "";
			targets = (
				581DBE0C1A17649800F78CA0 /* BitcoinTicker */,
				58A7ED4A1A179487009272E1 /* TickerWidget */,
			);
		};
/* End PBXProject section */

/* Begin PBXResourcesBuildPhase section */
		581DBE0B1A17649800F78CA0 /* Resources */ = {
			isa = PBXResourcesBuildPhase;
			buildActionMask = 2147483647;
			files = (
				581DBE371A176A0400F78CA0 /* MainWindow.xib in Resources */,
				581DBE1D1A17649800F78CA0 /* LaunchScreen.xib in Resources */,
				581DBE1A1A17649800F78CA0 /* Images.xcassets in Resources */,
				581DBE351A17682700F78CA0 /* MainScreenViewController.xib in Resources */,
			);
			runOnlyForDeploymentPostprocessing = 0;
		};
		58A7ED491A179487009272E1 /* Resources */ = {
			isa = PBXResourcesBuildPhase;
			buildActionMask = 2147483647;
			files = (
				58A7ED551A179487009272E1 /* MainInterface.storyboard in Resources */,
			);
			runOnlyForDeploymentPostprocessing = 0;
		};
/* End PBXResourcesBuildPhase section */

/* Begin PBXSourcesBuildPhase section */
		581DBE091A17649800F78CA0 /* Sources */ = {
			isa = PBXSourcesBuildPhase;
			buildActionMask = 2147483647;
			files = (
				581DBE451A176E6300F78CA0 /* NetDownloadTask.swift in Sources */,
				581DBE421A176E6300F78CA0 /* GCD.swift in Sources */,
				581DBE131A17649800F78CA0 /* AppDelegate.swift in Sources */,
				581DBE441A176E6300F78CA0 /* NetData.swift in Sources */,
				581DBE341A17682700F78CA0 /* MainScreenViewController.swift in Sources */,
				581DBE491A176E6300F78CA0 /* NetUploadTask.swift in Sources */,
				581DBE461A176E6300F78CA0 /* NetHelper.swift in Sources */,
				581DBE481A176E6300F78CA0 /* NetResponseData.swift in Sources */,
				581DBE471A176E6300F78CA0 /* NetRequestSerialization.swift in Sources */,
				581DBE4B1A17731C00F78CA0 /* PriceController.swift in Sources */,
				581DBE431A176E6300F78CA0 /* Net.swift in Sources */,
			);
			runOnlyForDeploymentPostprocessing = 0;
		};
		58A7ED471A179487009272E1 /* Sources */ = {
			isa = PBXSourcesBuildPhase;
			buildActionMask = 2147483647;
			files = (
				58A7ED611A17AD3A009272E1 /* NetDownloadTask.swift in Sources */,
				58A7ED5E1A17AD3A009272E1 /* GCD.swift in Sources */,
				58A7ED531A179487009272E1 /* TodayViewController.swift in Sources */,
				58A7ED601A17AD3A009272E1 /* NetData.swift in Sources */,
				58A7ED5D1A17ABD0009272E1 /* PriceController.swift in Sources */,
				58A7ED651A17AD3A009272E1 /* NetUploadTask.swift in Sources */,
				58A7ED621A17AD3A009272E1 /* NetHelper.swift in Sources */,
				58A7ED641A17AD3A009272E1 /* NetResponseData.swift in Sources */,
				58A7ED631A17AD3A009272E1 /* NetRequestSerialization.swift in Sources */,
				58A7ED5F1A17AD3A009272E1 /* Net.swift in Sources */,
			);
			runOnlyForDeploymentPostprocessing = 0;
		};
/* End PBXSourcesBuildPhase section */

/* Begin PBXTargetDependency section */
		58A7ED571A179487009272E1 /* PBXTargetDependency */ = {
			isa = PBXTargetDependency;
			target = 58A7ED4A1A179487009272E1 /* TickerWidget */;
			targetProxy = 58A7ED561A179487009272E1 /* PBXContainerItemProxy */;
		};
/* End PBXTargetDependency section */

/* Begin PBXVariantGroup section */
		581DBE1B1A17649800F78CA0 /* LaunchScreen.xib */ = {
			isa = PBXVariantGroup;
			children = (
				581DBE1C1A17649800F78CA0 /* Base */,
			);
			name = LaunchScreen.xib;
			sourceTree = "<group>";
		};
/* End PBXVariantGroup section */

/* Begin XCBuildConfiguration section */
		581DBE2A1A17649800F78CA0 /* Debug */ = {
			isa = XCBuildConfiguration;
			buildSettings = {
				ALWAYS_SEARCH_USER_PATHS = NO;
				CLANG_CXX_LANGUAGE_STANDARD = "gnu++0x";
				CLANG_CXX_LIBRARY = "libc++";
				CLANG_ENABLE_MODULES = YES;
				CLANG_ENABLE_OBJC_ARC = YES;
				CLANG_WARN_BOOL_CONVERSION = YES;
				CLANG_WARN_CONSTANT_CONVERSION = YES;
				CLANG_WARN_DIRECT_OBJC_ISA_USAGE = YES_ERROR;
				CLANG_WARN_EMPTY_BODY = YES;
				CLANG_WARN_ENUM_CONVERSION = YES;
				CLANG_WARN_INT_CONVERSION = YES;
				CLANG_WARN_OBJC_ROOT_CLASS = YES_ERROR;
				CLANG_WARN_UNREACHABLE_CODE = YES;
				CLANG_WARN__DUPLICATE_METHOD_MATCH = YES;
				"CODE_SIGN_IDENTITY[sdk=iphoneos*]" = "iPhone Developer";
				COPY_PHASE_STRIP = NO;
				ENABLE_STRICT_OBJC_MSGSEND = YES;
				GCC_C_LANGUAGE_STANDARD = gnu99;
				GCC_DYNAMIC_NO_PIC = NO;
				GCC_OPTIMIZATION_LEVEL = 0;
				GCC_PREPROCESSOR_DEFINITIONS = (
					"DEBUG=1",
					"$(inherited)",
				);
				GCC_SYMBOLS_PRIVATE_EXTERN = NO;
				GCC_WARN_64_TO_32_BIT_CONVERSION = YES;
				GCC_WARN_ABOUT_RETURN_TYPE = YES_ERROR;
				GCC_WARN_UNDECLARED_SELECTOR = YES;
				GCC_WARN_UNINITIALIZED_AUTOS = YES_AGGRESSIVE;
				GCC_WARN_UNUSED_FUNCTION = YES;
				GCC_WARN_UNUSED_VARIABLE = YES;
				IPHONEOS_DEPLOYMENT_TARGET = 8.1;
				MTL_ENABLE_DEBUG_INFO = YES;
				ONLY_ACTIVE_ARCH = YES;
				SDKROOT = iphoneos;
				SWIFT_OPTIMIZATION_LEVEL = "-Onone";
				TARGETED_DEVICE_FAMILY = "1,2";
			};
			name = Debug;
		};
		581DBE2B1A17649800F78CA0 /* Release */ = {
			isa = XCBuildConfiguration;
			buildSettings = {
				ALWAYS_SEARCH_USER_PATHS = NO;
				CLANG_CXX_LANGUAGE_STANDARD = "gnu++0x";
				CLANG_CXX_LIBRARY = "libc++";
				CLANG_ENABLE_MODULES = YES;
				CLANG_ENABLE_OBJC_ARC = YES;
				CLANG_WARN_BOOL_CONVERSION = YES;
				CLANG_WARN_CONSTANT_CONVERSION = YES;
				CLANG_WARN_DIRECT_OBJC_ISA_USAGE = YES_ERROR;
				CLANG_WARN_EMPTY_BODY = YES;
				CLANG_WARN_ENUM_CONVERSION = YES;
				CLANG_WARN_INT_CONVERSION = YES;
				CLANG_WARN_OBJC_ROOT_CLASS = YES_ERROR;
				CLANG_WARN_UNREACHABLE_CODE = YES;
				CLANG_WARN__DUPLICATE_METHOD_MATCH = YES;
				"CODE_SIGN_IDENTITY[sdk=iphoneos*]" = "iPhone Developer";
				COPY_PHASE_STRIP = YES;
				ENABLE_NS_ASSERTIONS = NO;
				ENABLE_STRICT_OBJC_MSGSEND = YES;
				GCC_C_LANGUAGE_STANDARD = gnu99;
				GCC_WARN_64_TO_32_BIT_CONVERSION = YES;
				GCC_WARN_ABOUT_RETURN_TYPE = YES_ERROR;
				GCC_WARN_UNDECLARED_SELECTOR = YES;
				GCC_WARN_UNINITIALIZED_AUTOS = YES_AGGRESSIVE;
				GCC_WARN_UNUSED_FUNCTION = YES;
				GCC_WARN_UNUSED_VARIABLE = YES;
				IPHONEOS_DEPLOYMENT_TARGET = 8.1;
				MTL_ENABLE_DEBUG_INFO = NO;
				SDKROOT = iphoneos;
				TARGETED_DEVICE_FAMILY = "1,2";
				VALIDATE_PRODUCT = YES;
			};
			name = Release;
		};
		581DBE2D1A17649800F78CA0 /* Debug */ = {
			isa = XCBuildConfiguration;
			buildSettings = {
				ASSETCATALOG_COMPILER_APPICON_NAME = AppIcon;
				EMBEDDED_CONTENT_CONTAINS_SWIFT = YES;
				INFOPLIST_FILE = BitcoinTicker/Info.plist;
				LD_RUNPATH_SEARCH_PATHS = "$(inherited) @executable_path/Frameworks";
				PRODUCT_NAME = "$(TARGET_NAME)";
			};
			name = Debug;
		};
		581DBE2E1A17649800F78CA0 /* Release */ = {
			isa = XCBuildConfiguration;
			buildSettings = {
				ASSETCATALOG_COMPILER_APPICON_NAME = AppIcon;
				EMBEDDED_CONTENT_CONTAINS_SWIFT = YES;
				INFOPLIST_FILE = BitcoinTicker/Info.plist;
				LD_RUNPATH_SEARCH_PATHS = "$(inherited) @executable_path/Frameworks";
				PRODUCT_NAME = "$(TARGET_NAME)";
			};
			name = Release;
		};
		58A7ED591A179487009272E1 /* Debug */ = {
			isa = XCBuildConfiguration;
			buildSettings = {
				GCC_PREPROCESSOR_DEFINITIONS = (
					"DEBUG=1",
					"$(inherited)",
				);
				INFOPLIST_FILE = TickerWidget/Info.plist;
				LD_RUNPATH_SEARCH_PATHS = "$(inherited) @executable_path/Frameworks @executable_path/../../Frameworks";
				PRODUCT_NAME = "$(TARGET_NAME)";
				SKIP_INSTALL = YES;
			};
			name = Debug;
		};
		58A7ED5A1A179487009272E1 /* Release */ = {
			isa = XCBuildConfiguration;
			buildSettings = {
				INFOPLIST_FILE = TickerWidget/Info.plist;
				LD_RUNPATH_SEARCH_PATHS = "$(inherited) @executable_path/Frameworks @executable_path/../../Frameworks";
				PRODUCT_NAME = "$(TARGET_NAME)";
				SKIP_INSTALL = YES;
			};
			name = Release;
		};
/* End XCBuildConfiguration section */

/* Begin XCConfigurationList section */
		581DBE081A17649800F78CA0 /* Build configuration list for PBXProject "BitcoinTicker" */ = {
			isa = XCConfigurationList;
			buildConfigurations = (
				581DBE2A1A17649800F78CA0 /* Debug */,
				581DBE2B1A17649800F78CA0 /* Release */,
			);
			defaultConfigurationIsVisible = 0;
			defaultConfigurationName = Release;
		};
		581DBE2C1A17649800F78CA0 /* Build configuration list for PBXNativeTarget "BitcoinTicker" */ = {
			isa = XCConfigurationList;
			buildConfigurations = (
				581DBE2D1A17649800F78CA0 /* Debug */,
				581DBE2E1A17649800F78CA0 /* Release */,
			);
			defaultConfigurationIsVisible = 0;
			defaultConfigurationName = Release;
		};
		58A7ED5B1A179487009272E1 /* Build configuration list for PBXNativeTarget "TickerWidget" */ = {
			isa = XCConfigurationList;
			buildConfigurations = (
				58A7ED591A179487009272E1 /* Debug */,
				58A7ED5A1A179487009272E1 /* Release */,
			);
			defaultConfigurationIsVisible = 0;
		};
/* End XCConfigurationList section */
	};
	rootObject = 581DBE051A17649800F78CA0 /* Project object */;
}
